
Microsoft Visual Studio Solution File, Format Version 12.00
# Visual Studio 15
VisualStudioVersion = 15.0.28307.572
MinimumVisualStudioVersion = 10.0.40219.1
Project("{FAE04EC0-301F-11D3-BF4B-00C04F79EFBC}") = "Rectangle1", "Rectangle1\Rectangle1.csproj", "{63A92F59-4214-4EDB-AC91-AC8CD78FD3FB}"
EndProject
Project("{FAE04EC0-301F-11D3-BF4B-00C04F79EFBC}") = "Rectangle1nunittests", "Rectangle1nunittests\Rectangle1nunittests.csproj", "{5AC42918-716E-494F-A2C3-DC29AA688BC2}"
EndProject
Global
	GlobalSection(SolutionConfigurationPlatforms) = preSolution
		Debug|Any CPU = Debug|Any CPU
		Release|Any CPU = Release|Any CPU
	EndGlobalSection
	GlobalSection(ProjectConfigurationPlatforms) = postSolution
		{63A92F59-4214-4EDB-AC91-AC8CD78FD3FB}.Debug|Any CPU.ActiveCfg = Debug|Any CPU
		{63A92F59-4214-4EDB-AC91-AC8CD78FD3FB}.Debug|Any CPU.Build.0 = Debug|Any CPU
		{63A92F59-4214-4EDB-AC91-AC8CD78FD3FB}.Release|Any CPU.ActiveCfg = Release|Any CPU
		{63A92F59-4214-4EDB-AC91-AC8CD78FD3FB}.Release|Any CPU.Build.0 = Release|Any CPU
		{5AC42918-716E-494F-A2C3-DC29AA688BC2}.Debug|Any CPU.ActiveCfg = Debug|Any CPU
		{5AC42918-716E-494F-A2C3-DC29AA688BC2}.Debug|Any CPU.Build.0 = Debug|Any CPU
		{5AC42918-716E-494F-A2C3-DC29AA688BC2}.Release|Any CPU.ActiveCfg = Release|Any CPU
		{5AC42918-716E-494F-A2C3-DC29AA688BC2}.Release|Any CPU.Build.0 = Release|Any CPU
	EndGlobalSection
	GlobalSection(SolutionProperties) = preSolution
		HideSolutionNode = FALSE
	EndGlobalSection
	GlobalSection(ExtensibilityGlobals) = postSolution
		SolutionGuid = {D69DC0BD-AF6C-4F1B-A6EC-E21278FD0CF7}
	EndGlobalSection
EndGlobal
